{
  "version": "5",
  "specifiers": {
    "jsr:@bgub/eta@4.6.0": "4.6.0",
    "jsr:@hono/hono@4.12.23": "4.12.23",
    "jsr:@std/assert@1.0.19": "1.0.19",
    "jsr:@std/assert@^1.0.19": "1.0.19",
    "jsr:@std/async@^1.4.0": "1.4.0",
    "jsr:@std/bytes@^1.0.6": "1.0.6",
    "jsr:@std/data-structures@^1.1.0": "1.1.0",
    "jsr:@std/expect@^1.0.19": "1.0.19",
    "jsr:@std/fs@1.0.24": "1.0.24",
    "jsr:@std/fs@^1.0.24": "1.0.24",
    "jsr:@std/internal@^1.0.12": "1.0.14",
    "jsr:@std/internal@^1.0.13": "1.0.14",
    "jsr:@std/internal@^1.0.14": "1.0.14",
    "jsr:@std/io@0.225.3": "0.225.3",
    "jsr:@std/path@1.1.5": "1.1.5",
    "jsr:@std/path@^1.0.4": "1.1.5",
    "jsr:@std/path@^1.1.4": "1.1.5",
    "jsr:@std/path@^1.1.5": "1.1.5",
    "jsr:@std/testing@^1.0.19": "1.0.19",
    "jsr:@std/url@0.225.1": "0.225.1",
    "npm:@tinyhttp/app@3.0.1": "3.0.1",
    "npm:@tinyhttp/cors@2.0.1": "2.0.1",
    "npm:@tinyhttp/logger@2.1.0": "2.1.0",
    "npm:@types/node@25.0.8": "25.0.8",
    "npm:chalk@5.6.2": "5.6.2",
    "npm:chokidar@5.0.0": "5.0.0",
    "npm:concurrently@9.2.1": "9.2.1",
    "npm:dot-prop@10.1.0": "10.1.0",
    "npm:get-port@7.1.0": "7.1.0",
    "npm:husky@9.1.7": "9.1.7",
    "npm:inflection@3.0.2": "3.0.2",
    "npm:json5@2.2.3": "2.2.3",
    "npm:lowdb@7.0.1": "7.0.1",
    "npm:milliparsec@5.1.0": "5.1.0",
    "npm:oxfmt@0.24.0": "0.24.0",
    "npm:oxlint@1.39.0": "1.39.0",
    "npm:sirv@3.0.2": "3.0.2",
    "npm:sort-on@7.0.0": "7.0.0",
    "npm:tempy@3.1.0": "3.1.0",
    "npm:type-fest@5.4.0": "5.4.0",
    "npm:typescript@5.9.3": "5.9.3"
  },
  "jsr": {
    "@bgub/eta@4.6.0": {
      "integrity": "fe872004cd6c64ca25c7e71fd80bbbad7d8d552cefd31828bddddb7db0f79eb1"
    },
    "@hono/hono@4.12.23": {
      "integrity": "9d9f3da498f69c311b5f92d973eb3b8ebc973b5fd2b4972781b556e07818a745"
    },
    "@std/assert@1.0.19": {
      "integrity": "eaada96ee120cb980bc47e040f82814d786fe8162ecc53c91d8df60b8755991e",
      "dependencies": [
        "jsr:@std/internal@^1.0.12"
      ]
    },
    "@std/async@1.4.0": {
      "integrity": "4d70b008634f571cff9b554090d628c76141c32613aae0ff283fd5fa23d0c379"
    },
    "@std/bytes@1.0.6": {
      "integrity": "f6ac6adbd8ccd99314045f5703e23af0a68d7f7e58364b47d2c7f408aeb5820a"
    },
    "@std/data-structures@1.1.0": {
      "integrity": "c35ae4ad5d8e41a38573c2fe3e19b18ea2505f63cfea201edcb8720aca1f7f58"
    },
    "@std/expect@1.0.19": {
      "integrity": "25271785688c7ff902fa54875d6aa4001f552c5578f7f0fefb5b5aac1fc2ed8a",
      "dependencies": [
        "jsr:@std/assert@^1.0.19",
        "jsr:@std/internal@^1.0.13",
        "jsr:@std/path@^1.1.4"
      ]
    },
    "@std/fs@1.0.24": {
      "integrity": "f3061b45b81673a2bece689da041df32d174be064c89eb6397fb5718d3fb7877",
      "dependencies": [
        "jsr:@std/internal@^1.0.14",
        "jsr:@std/path@^1.1.5"
      ]
    },
    "@std/internal@1.0.14": {
      "integrity": "291516b3d4c35024d6ffbc0a9df5bf4c64116e05b50012cf846710152d2ffdf7"
    },
    "@std/io@0.225.3": {
      "integrity": "27b07b591384d12d7b568f39e61dff966b8230559122df1e9fd11cc068f7ddd1",
      "dependencies": [
        "jsr:@std/bytes"
      ]
    },
    "@std/path@1.1.5": {
      "integrity": "ccea00982ea28c36becaf6e62f855406c76a8c32d462f66f415bbb7d83a271bc",
      "dependencies": [
        "jsr:@std/internal@^1.0.14"
      ]
    },
    "@std/testing@1.0.19": {
      "integrity": "f4236172365b216728dc3cc8b5e80a9f4c33083d1e4ede7613d5b25b4014898e",
      "dependencies": [
        "jsr:@std/assert@^1.0.19",
        "jsr:@std/async",
        "jsr:@std/data-structures",
        "jsr:@std/fs@^1.0.24",
        "jsr:@std/internal@^1.0.14",
        "jsr:@std/path@^1.1.5"
      ]
    },
    "@std/url@0.225.1": {
      "integrity": "7961f62f0a3cd2c7aa5b785822874132760b50bbf5ed0ccfded8668f203e7a95",
      "dependencies": [
        "jsr:@std/path@^1.0.4"
      ]
    }
  },
  "npm": {
    "@oxfmt/darwin-arm64@0.24.0": {
      "integrity": "sha512-aYXuGf/yq8nsyEcHindGhiz9I+GEqLkVq8CfPbd+6VE259CpPEH+CaGHEO1j6vIOmNr8KHRq+IAjeRO2uJpb8A==",
      "os": ["darwin"],
      "cpu": ["arm64"]
    },
    "@oxfmt/darwin-x64@0.24.0": {
      "integrity": "sha512-vs3b8Bs53hbiNvcNeBilzE/+IhDTWKjSBB3v/ztr664nZk65j0xr+5IHMBNz3CFppmX7o/aBta2PxY+t+4KoPg==",
      "os": ["darwin"],
      "cpu": ["x64"]
    },
    "@oxfmt/linux-arm64-gnu@0.24.0": {
      "integrity": "sha512-ItPDOPoQ0wLj/s8osc5ch57uUcA1Wk8r0YdO8vLRpXA3UNg7KPOm1vdbkIZRRiSUphZcuX5ioOEetEK8H7RlTw==",
      "os": ["linux"],
      "cpu": ["arm64"]
    },
    "@oxfmt/linux-arm64-musl@0.24.0": {
      "integrity": "sha512-JkQO3WnQjQTJONx8nxdgVBfl6BBFfpp9bKhChYhWeakwJdr7QPOAWJ/v3FGZfr0TbqINwnNR74aVZayDDRyXEA==",
      "os": ["linux"],
      "cpu": ["arm64"]
    },
    "@oxfmt/linux-x64-gnu@0.24.0": {
      "integrity": "sha512-N/SXlFO+2kak5gMt0oxApi0WXQDhwA0PShR0UbkY0PwtHjfSiDqJSOumyNqgQVoroKr1GNnoRmUqjZIz6DKIcw==",
      "os": ["linux"],
      "cpu": ["x64"]
    },
    "@oxfmt/linux-x64-musl@0.24.0": {
      "integrity": "sha512-WM0pek5YDCQf50XQ7GLCE9sMBCMPW/NPAEPH/Hx6Qyir37lEsP4rUmSECo/QFNTU6KBc9NnsviAyJruWPpCMXw==",
      "os": ["linux"],
      "cpu": ["x64"]
    },
    "@oxfmt/win32-arm64@0.24.0": {
      "integrity": "sha512-vFCseli1KWtwdHrVlT/jWfZ8jP8oYpnPPEjI23mPLW8K/6GEJmmvy0PZP5NpWUFNTzX0lqie58XnrATJYAe9Xw==",
      "os": ["win32"],
      "cpu": ["arm64"]
    },
    "@oxfmt/win32-x64@0.24.0": {
      "integrity": "sha512-0tmlNzcyewAnauNeBCq0xmAkmiKzl+H09p0IdHy+QKrTQdtixtf+AOjDAADbRfihkS+heF15Pjc4IyJMdAAJjw==",
      "os": ["win32"],
      "cpu": ["x64"]
    },
    "@oxlint/darwin-arm64@1.39.0": {
      "integrity": "sha512-lT3hNhIa02xCujI6YGgjmYGg3Ht/X9ag5ipUVETaMpx5Rd4BbTNWUPif1WN1YZHxt3KLCIqaAe7zVhatv83HOQ==",
      "os": ["darwin"],
      "cpu": ["arm64"]
    },
    "@oxlint/darwin-x64@1.39.0": {
      "integrity": "sha512-UT+rfTWd+Yr7iJeSLd/7nF8X4gTYssKh+n77hxl6Oilp3NnG1CKRHxZDy3o3lIBnwgzJkdyUAiYWO1bTMXQ1lA==",
      "os": ["darwin"],
      "cpu": ["x64"]
    },
    "@oxlint/linux-arm64-gnu@1.39.0": {
      "integrity": "sha512-qocBkvS2V6rH0t9AT3DfQunMnj3xkM7srs5/Ycj2j5ZqMoaWd/FxHNVJDFP++35roKSvsRJoS0mtA8/77jqm6Q==",
      "os": ["linux"],
      "cpu": ["arm64"]
    },
    "@oxlint/linux-arm64-musl@1.39.0": {
      "integrity": "sha512-arZzAc1PPcz9epvGBBCMHICeyQloKtHX3eoOe62B3Dskn7gf6Q14wnDHr1r9Vp4vtcBATNq6HlKV14smdlC/qA==",
      "os": ["linux"],
      "cpu": ["arm64"]
    },
    "@oxlint/linux-x64-gnu@1.39.0": {
      "integrity": "sha512-ZVt5qsECpuNprdWxAPpDBwoixr1VTcZ4qAEQA2l/wmFyVPDYFD3oBY/SWACNnWBddMrswjTg9O8ALxYWoEpmXw==",
      "os": ["linux"],
      "cpu": ["x64"]
    },
    "@oxlint/linux-x64-musl@1.39.0": {
      "integrity": "sha512-pB0hlGyKPbxr9NMIV783lD6cWL3MpaqnZRM9MWni4yBdHPTKyFNYdg5hGD0Bwg+UP4S2rOevq/+OO9x9Bi7E6g==",
      "os": ["linux"],
      "cpu": ["x64"]
    },
    "@oxlint/win32-arm64@1.39.0": {
      "integrity": "sha512-Gg2SFaJohI9+tIQVKXlPw3FsPQFi/eCSWiCgwPtPn5uzQxHRTeQEZKuluz1fuzR5U70TXubb2liZi4Dgl8LJQA==",
      "os": ["win32"],
      "cpu": ["arm64"]
    },
    "@oxlint/win32-x64@1.39.0": {
      "integrity": "sha512-sbi25lfj74hH+6qQtb7s1wEvd1j8OQbTaH8v3xTcDjrwm579Cyh0HBv1YSZ2+gsnVwfVDiCTL1D0JsNqYXszVA==",
      "os": ["win32"],
      "cpu": ["x64"]
    },
    "@polka/url@1.0.0-next.29": {
      "integrity": "sha512-wwQAWhWSuHaag8c4q/KN/vCoeOJYshAIvMQwD4GpSb3OiZklFfvAgmj0VCBBImRpuF/aFgIRzllXlVX93Jevww=="
    },
    "@tinyhttp/accepts@2.2.4": {
      "integrity": "sha512-zYkSyzPOSjDdfGyV4H8J6TVc2Jz62UEbp4Pz0wc9uSEoGxxgpBYHVD2ki8wDnaUavDi2DYEss1plW0kTnX3LKw==",
      "dependencies": [
        "mime",
        "negotiator"
      ]
    },
    "@tinyhttp/app@3.0.1": {
      "integrity": "sha512-Uy5O6n5GsyW76MbLEpfGoMuis9qQUk5/c/99AlsPwHf1Df24FFaxeE44RLmX/JJW8Q1QbWtX3fz649TXY1DCaw==",
      "dependencies": [
        "@tinyhttp/cookie",
        "@tinyhttp/proxy-addr",
        "@tinyhttp/req",
        "@tinyhttp/res",
        "@tinyhttp/router",
        "header-range-parser",
        "regexparam"
      ]
    },
    "@tinyhttp/content-disposition@2.2.2": {
      "integrity": "sha512-crXw1txzrS36huQOyQGYFvhTeLeG0Si1xu+/l6kXUVYpE0TjFjEZRqTbuadQLfKGZ0jaI+jJoRyqaWwxOSHW2g=="
    },
    "@tinyhttp/content-type@0.1.4": {
      "integrity": "sha512-dl6f3SHIJPYbhsW1oXdrqOmLSQF/Ctlv3JnNfXAE22kIP7FosqJHxkz/qj2gv465prG8ODKH5KEyhBkvwrueKQ=="
    },
    "@tinyhttp/cookie-signature@2.1.1": {
      "integrity": "sha512-VDsSMY5OJfQJIAtUgeQYhqMPSZptehFSfvEEtxr+4nldPA8IImlp3QVcOVuK985g4AFR4Hl1sCbWCXoqBnVWnw=="
    },
    "@tinyhttp/cookie@2.1.1": {
      "integrity": "sha512-h/kL9jY0e0Dvad+/QU3efKZww0aTvZJslaHj3JTPmIPC9Oan9+kYqmh3M6L5JUQRuTJYFK2nzgL2iJtH2S+6dA=="
    },
    "@tinyhttp/cors@2.0.1": {
      "integrity": "sha512-qrmo6WJuaiCzKWagv2yA/kw6hIISfF/hOqPWwmI6w0o8apeTMmRN3DoCFvQ/wNVuWVdU5J4KU7OX8aaSOEq51A==",
      "dependencies": [
        "@tinyhttp/vary"
      ]
    },
    "@tinyhttp/encode-url@2.1.1": {
      "integrity": "sha512-AhY+JqdZ56qV77tzrBm0qThXORbsVjs/IOPgGCS7x/wWnsa/Bx30zDUU/jPAUcSzNOzt860x9fhdGpzdqbUeUw=="
    },
    "@tinyhttp/etag@2.1.2": {
      "integrity": "sha512-j80fPKimGqdmMh6962y+BtQsnYPVCzZfJw0HXjyH70VaJBHLKGF+iYhcKqzI3yef6QBNa8DKIPsbEYpuwApXTw=="
    },
    "@tinyhttp/forwarded@2.1.2": {
      "integrity": "sha512-9H/eulJ68ElY/+zYpTpNhZ7vxGV+cnwaR6+oQSm7bVgZMyuQfgROW/qvZuhmgDTIxnGMXst+Ba4ij6w6Krcs3w=="
    },
    "@tinyhttp/logger@2.1.0": {
      "integrity": "sha512-Ma1fJ9CwUbn9r61/4HW6+nflsVoslpOnCrfQ6UeZq7GGIgwLzofms3HoSVG7M+AyRMJpxlfcDdbH5oFVroDMKA==",
      "dependencies": [
        "colorette",
        "dayjs",
        "http-status-emojis"
      ]
    },
    "@tinyhttp/proxy-addr@3.0.0": {
      "integrity": "sha512-K1r1nTO6IJwZdmDTsS8q+o6FdDfYAVbm4peItnaydbe25ENAncJFWbFRvV+RxCSuX4H/vOIe3jd28ItSaNxNKw==",
      "dependencies": [
        "@tinyhttp/forwarded",
        "ipaddr.js"
      ]
    },
    "@tinyhttp/req@2.2.6": {
      "integrity": "sha512-il4ZZmIvB6sA0G4NGE+dChWxauYPLb9M2HZGVjryH2MwMV14MWBlUKTagLpI6lmWzPtlnR9a3jF3sK0AEZig/w==",
      "dependencies": [
        "@tinyhttp/accepts",
        "@tinyhttp/type-is",
        "@tinyhttp/url",
        "header-range-parser"
      ]
    },
    "@tinyhttp/res@2.2.6": {
      "integrity": "sha512-w8+5Z/Nd2gsDFG/6s3v2QszcuyfmxEFhgEZ9FHjIGQWukV3i/Npo8GdW4Psu20JXUAGIxh0ynZ/jbATSxHWSaQ==",
      "dependencies": [
        "@tinyhttp/content-disposition",
        "@tinyhttp/cookie",
        "@tinyhttp/cookie-signature",
        "@tinyhttp/encode-url",
        "@tinyhttp/req",
        "@tinyhttp/send",
        "@tinyhttp/vary",
        "es-escape-html",
        "mime"
      ]
    },
    "@tinyhttp/router@2.2.3": {
      "integrity": "sha512-O0MQqWV3Vpg/uXsMYg19XsIgOhwjyhTYWh51Qng7bxqXixxx2PEvZWnFjP7c84K7kU/nUX41KpkEBTLnznk9/Q=="
    },
    "@tinyhttp/send@2.2.4": {
      "integrity": "sha512-DgEY185oQUd2LTKHM+he/m3sjYWB7yL0WLNrasoSEHaCfzstm0+viltqqOvEV7UtkSB3oRRo+OWiEtYKmd6h5w==",
      "dependencies": [
        "@tinyhttp/content-type",
        "@tinyhttp/etag",
        "mime"
      ]
    },
    "@tinyhttp/type-is@2.2.5": {
      "integrity": "sha512-BCPEB+NV8v/9lzEE9GbfRPAKVsyayp84m6SSWn70j8yFkPBXeuVeq004pwVrjW1CRdmAZz9ZSH147pqqzAdr5g==",
      "dependencies": [
        "@tinyhttp/content-type",
        "mime"
      ]
    },
    "@tinyhttp/url@2.1.1": {
      "integrity": "sha512-POJeq2GQ5jI7Zrdmj22JqOijB5/GeX+LEX7DUdml1hUnGbJOTWDx7zf2b5cCERj7RoXL67zTgyzVblBJC+NJWg=="
    },
    "@tinyhttp/vary@0.1.3": {
      "integrity": "sha512-SoL83sQXAGiHN1jm2VwLUWQSQeDAAl1ywOm6T0b0Cg1CZhVsjoiZadmjhxF6FHCCY7OHHVaLnTgSMxTPIDLxMg=="
    },
    "@types/node@25.0.8": {
      "integrity": "sha512-powIePYMmC3ibL0UJ2i2s0WIbq6cg6UyVFQxSCpaPxxzAaziRfimGivjdF943sSGV6RADVbk0Nvlm5P/FB44Zg==",
      "dependencies": [
        "undici-types"
      ]
    },
    "ansi-regex@5.0.1": {
      "integrity": "sha512-quJQXlTSUGL2LH9SUXo8VwsY4soanhgo6LNSm84E1LBcE8s3O0wpdiRzyR9z/ZZJMlMWv37qOOb9pdJlMUEKFQ=="
    },
    "ansi-styles@4.3.0": {
      "integrity": "sha512-zbB9rCJAT1rbjiVDb2hqKFHNYLxgtk8NURxZ3IZwD3F6NtxbXZQCnnSi1Lkx+IDohdPlFp222wVALIheZJQSEg==",
      "dependencies": [
        "color-convert"
      ]
    },
    "chalk@4.1.2": {
      "integrity": "sha512-oKnbhFyRIXpUuez8iBMmyEa4nbj4IOQyuhc/wy9kY7/WVPcwIO9VA668Pu8RkO7+0G76SLROeyw9CpQ061i4mA==",
      "dependencies": [
        "ansi-styles",
        "supports-color@7.2.0"
      ]
    },
    "chalk@5.6.2": {
      "integrity": "sha512-7NzBL0rN6fMUW+f7A6Io4h40qQlG+xGmtMxfbnH/K7TAtt8JQWVQK+6g0UXKMeVJoyV5EkkNsErQ8pVD3bLHbA=="
    },
    "chokidar@5.0.0": {
      "integrity": "sha512-TQMmc3w+5AxjpL8iIiwebF73dRDF4fBIieAqGn9RGCWaEVwQ6Fb2cGe31Yns0RRIzii5goJ1Y7xbMwo1TxMplw==",
      "dependencies": [
        "readdirp"
      ]
    },
    "cliui@8.0.1": {
      "integrity": "sha512-BSeNnyus75C4//NQ9gQt1/csTXyo/8Sb+afLAkzAptFuMsod9HFokGNudZpi/oQV73hnVK+sR+5PVRMd+Dr7YQ==",
      "dependencies": [
        "string-width",
        "strip-ansi",
        "wrap-ansi"
      ]
    },
    "color-convert@2.0.1": {
      "integrity": "sha512-RRECPsj7iu/xb5oKYcsFHSppFNnsj/52OVTRKb4zP5onXwVF3zVmmToNcOfGC+CRDpfK/U584fMg38ZHCaElKQ==",
      "dependencies": [
        "color-name"
      ]
    },
    "color-name@1.1.4": {
      "integrity": "sha512-dOy+3AuW3a2wNbZHIuMZpTcgjGuLU/uBL/ubcZF9OXbDo8ff4O8yVp5Bf0efS8uEoYo5q4Fx7dY9OgQGXgAsQA=="
    },
    "colorette@2.0.20": {
      "integrity": "sha512-IfEDxwoWIjkeXL1eXcDiow4UbKjhLdq6/EuSVR9GMN7KVH3r9gQ83e73hsz1Nd1T3ijd5xv1wcWRYO+D6kCI2w=="
    },
    "concurrently@9.2.1": {
      "integrity": "sha512-fsfrO0MxV64Znoy8/l1vVIjjHa29SZyyqPgQBwhiDcaW8wJc2W3XWVOGx4M3oJBnv/zdUZIIp1gDeS98GzP8Ng==",
      "dependencies": [
        "chalk@4.1.2",
        "rxjs",
        "shell-quote",
        "supports-color@8.1.1",
        "tree-kill",
        "yargs"
      ],
      "bin": true
    },
    "crypto-random-string@4.0.0": {
      "integrity": "sha512-x8dy3RnvYdlUcPOjkEHqozhiwzKNSq7GcPuXFbnyMOCHxX8V3OgIg/pYuabl2sbUPfIJaeAQB7PMOK8DFIdoRA==",
      "dependencies": [
        "type-fest@1.4.0"
      ]
    },
    "dayjs@1.11.21": {
      "integrity": "sha512-98IT+HOahAisibz/yjKbzuOBwYcjJ7BCLPzARyHiyEBmRz4fatF+KPJszEHXsGYjUG234aH/cOjW1wwTbKUZlA=="
    },
    "dot-prop@10.1.0": {
      "integrity": "sha512-MVUtAugQMOff5RnBy2d9N31iG0lNwg1qAoAOn7pOK5wf94WIaE3My2p3uwTQuvS2AcqchkcR3bHByjaM0mmi7Q==",
      "dependencies": [
        "type-fest@5.4.0"
      ]
    },
    "emoji-regex@8.0.0": {
      "integrity": "sha512-MSjYzcWNOA0ewAHpz0MxpYFvwg6yjy1NG3xteoqz644VCo/RPgnr1/GGt+ic3iJTzQ8Eu3TdM14SawnVUmGE6A=="
    },
    "es-escape-html@0.1.1": {
      "integrity": "sha512-yUx1o+8RsG7UlszmYPtks+dm6Lho2m8lgHMOsLJQsFI0R8XwUJwiMhM1M4E/S8QLeGyf6MkDV/pWgjQ0tdTSyQ=="
    },
    "escalade@3.2.0": {
      "integrity": "sha512-WUj2qlxaQtO4g6Pq5c29GTcWGDyd8itL8zTlipgECz3JesAiiOKotd8JU6otB3PACgG6xkJUyVhboMS+bje/jA=="
    },
    "get-caller-file@2.0.5": {
      "integrity": "sha512-DyFP3BM/3YHTQOCUL/w0OZHR0lpKeGrxotcHWcqNEdnltqFwXVfhEBQ94eIo34AfQpo0rGki4cyIiftY06h2Fg=="
    },
    "get-port@7.1.0": {
      "integrity": "sha512-QB9NKEeDg3xxVwCCwJQ9+xycaz6pBB6iQ76wiWMl1927n0Kir6alPiP+yuiICLLU4jpMe08dXfpebuQppFA2zw=="
    },
    "has-flag@4.0.0": {
      "integrity": "sha512-EykJT/Q1KjTWctppgIAgfSO0tKVuZUjhgMr17kqTumMl6Afv3EISleU7qZUzoXDFTAHTDC4NOoG/ZxU3EvlMPQ=="
    },
    "header-range-parser@1.1.3": {
      "integrity": "sha512-B9zCFt3jH8g09LR1vHL4pcAn8yMEtlSlOUdQemzHMRKMImNIhhszdeosYFfNW0WXKQtXIlWB+O4owHJKvEJYaA=="
    },
    "http-status-emojis@2.2.0": {
      "integrity": "sha512-ompKtgwpx8ff0hsbpIB7oE4ax1LXoHmftsHHStMELX56ivG3GhofTX8ZHWlUaFKfGjcGjw6G3rPk7dJRXMmbbg=="
    },
    "husky@9.1.7": {
      "integrity": "sha512-5gs5ytaNjBrh5Ow3zrvdUUY+0VxIuWVL4i9irt6friV+BqdCfmV11CQTWMiBYWHbXhco+J1kHfTOUkePhCDvMA==",
      "bin": true
    },
    "inflection@3.0.2": {
      "integrity": "sha512-+Bg3+kg+J6JUWn8J6bzFmOWkTQ6L/NHfDRSYU+EVvuKHDxUDHAXgqixHfVlzuBQaPOTac8hn43aPhMNk6rMe3g=="
    },
    "ipaddr.js@2.4.0": {
      "integrity": "sha512-9VGk3HGanVE6JoZXHiCpnGy5X0jYDnN4EA4lntFPj+1vIWlFhIylq2CrrCOJH9EAhc5CYhq18F2Av2tgoAPsYQ=="
    },
    "is-fullwidth-code-point@3.0.0": {
      "integrity": "sha512-zymm5+u+sCsSWyD9qNaejV3DFvhCKclKdizYaJUuHA83RLjb7nSuGnddCHGv0hk+KY7BMAlsWeK4Ueg6EV6XQg=="
    },
    "is-stream@3.0.0": {
      "integrity": "sha512-LnQR4bZ9IADDRSkvpqMGvt/tEJWclzklNgSw48V5EAaAeDd6qGvN8ei6k5p0tvxSR171VmGyHuTiAOfxAbr8kA=="
    },
    "json5@2.2.3": {
      "integrity": "sha512-XmOWe7eyHYH14cLdVPoyg+GOH3rYX++KpzrylJwSW98t3Nk+U8XOl8FWKOgwtzdb8lXGf6zYwDUzeHMWfxasyg==",
      "bin": true
    },
    "lowdb@7.0.1": {
      "integrity": "sha512-neJAj8GwF0e8EpycYIDFqEPcx9Qz4GUho20jWFR7YiFeXzF1YMLdxB36PypcTSPMA+4+LvgyMacYhlr18Zlymw==",
      "dependencies": [
        "steno"
      ]
    },
    "milliparsec@5.1.0": {
      "integrity": "sha512-/xFIv79W7RhnnRLcQOlNpm0xO5FrodBdWFIysI4jIimqCCOnYwBekh6p+Qx61MVooewwBI7WEanFYeo8KtR2dA=="
    },
    "mime@4.1.0": {
      "integrity": "sha512-X5ju04+cAzsojXKes0B/S4tcYtFAJ6tTMuSPBEn9CPGlrWr8Fiw7qYeLT0XyH80HSoAoqWCaz+MWKh22P7G1cw==",
      "bin": true
    },
    "mrmime@2.0.1": {
      "integrity": "sha512-Y3wQdFg2Va6etvQ5I82yUhGdsKrcYox6p7FfL1LbK2J4V01F9TGlepTIhnK24t7koZibmg82KGglhA1XK5IsLQ=="
    },
    "negotiator@1.0.0": {
      "integrity": "sha512-8Ofs/AUQh8MaEcrlq5xOX0CQ9ypTF5dl78mjlMNfOK08fzpgTHQRQPBxcPlEtIw0yRpws+Zo/3r+5WRby7u3Gg=="
    },
    "oxfmt@0.24.0": {
      "integrity": "sha512-UjeM3Peez8Tl7IJ9s5UwAoZSiDRMww7BEc21gDYxLq3S3/KqJnM3mjNxsoSHgmBvSeX6RBhoVc2MfC/+96RdSw==",
      "dependencies": [
        "tinypool"
      ],
      "optionalDependencies": [
        "@oxfmt/darwin-arm64",
        "@oxfmt/darwin-x64",
        "@oxfmt/linux-arm64-gnu",
        "@oxfmt/linux-arm64-musl",
        "@oxfmt/linux-x64-gnu",
        "@oxfmt/linux-x64-musl",
        "@oxfmt/win32-arm64",
        "@oxfmt/win32-x64"
      ],
      "bin": true
    },
    "oxlint@1.39.0": {
      "integrity": "sha512-wSiLr0wjG+KTU6c1LpVoQk7JZ7l8HCKlAkVDVTJKWmCGazsNxexxnOXl7dsar92mQcRnzko5g077ggP3RINSjA==",
      "optionalDependencies": [
        "@oxlint/darwin-arm64",
        "@oxlint/darwin-x64",
        "@oxlint/linux-arm64-gnu",
        "@oxlint/linux-arm64-musl",
        "@oxlint/linux-x64-gnu",
        "@oxlint/linux-x64-musl",
        "@oxlint/win32-arm64",
        "@oxlint/win32-x64"
      ],
      "bin": true
    },
    "readdirp@5.0.0": {
      "integrity": "sha512-9u/XQ1pvrQtYyMpZe7DXKv2p5CNvyVwzUB6uhLAnQwHMSgKMBR62lc7AHljaeteeHXn11XTAaLLUVZYVZyuRBQ=="
    },
    "regexparam@2.0.2": {
      "integrity": "sha512-A1PeDEYMrkLrfyOwv2jwihXbo9qxdGD3atBYQA9JJgreAx8/7rC6IUkWOw2NQlOxLp2wL0ifQbh1HuidDfYA6w=="
    },
    "require-directory@2.1.1": {
      "integrity": "sha512-fGxEI7+wsG9xrvdjsrlmL22OMTTiHRwAMroiEeMgq8gzoLC/PQr7RsRDSTLUg/bZAZtF+TVIkHc6/4RIKrui+Q=="
    },
    "rxjs@7.8.2": {
      "integrity": "sha512-dhKf903U/PQZY6boNNtAGdWbG85WAbjT/1xYoZIC7FAY0yWapOBQVsVrDl58W86//e1VpMNBtRV4MaXfdMySFA==",
      "dependencies": [
        "tslib"
      ]
    },
    "shell-quote@1.8.3": {
      "integrity": "sha512-ObmnIF4hXNg1BqhnHmgbDETF8dLPCggZWBjkQfhZpbszZnYur5DUljTcCHii5LC3J5E0yeO/1LIMyH+UvHQgyw=="
    },
    "sirv@3.0.2": {
      "integrity": "sha512-2wcC/oGxHis/BoHkkPwldgiPSYcpZK3JU28WoMVv55yHJgcZ8rlXvuG9iZggz+sU1d4bRgIGASwyWqjxu3FM0g==",
      "dependencies": [
        "@polka/url",
        "mrmime",
        "totalist"
      ]
    },
    "sort-on@7.0.0": {
      "integrity": "sha512-e+4RRxt7jsWdGPp4H5PKOER/ELYlemNB1plvW686Qi3j4WVaCjCpro2zaTD7Cn0VtBImq/hg3x1JfovMNXXfJQ==",
      "dependencies": [
        "dot-prop"
      ]
    },
    "steno@4.0.2": {
      "integrity": "sha512-yhPIQXjrlt1xv7dyPQg2P17URmXbuM5pdGkpiMB3RenprfiBlvK415Lctfe0eshk90oA7/tNq7WEiMK8RSP39A=="
    },
    "string-width@4.2.3": {
      "integrity": "sha512-wKyQRQpjJ0sIp62ErSZdGsjMJWsap5oRNihHhu6G7JVO/9jIB6UyevL+tXuOqrng8j/cxKTWyWUwvSTriiZz/g==",
      "dependencies": [
        "emoji-regex",
        "is-fullwidth-code-point",
        "strip-ansi"
      ]
    },
    "strip-ansi@6.0.1": {
      "integrity": "sha512-Y38VPSHcqkFrCpFnQ9vuSXmquuv5oXOKpGeT6aGrr3o3Gc9AlVa6JBfUSOCnbxGGZF+/0ooI7KrPuUSztUdU5A==",
      "dependencies": [
        "ansi-regex"
      ]
    },
    "supports-color@7.2.0": {
      "integrity": "sha512-qpCAvRl9stuOHveKsn7HncJRvv501qIacKzQlO/+Lwxc9+0q2wLyv4Dfvt80/DPn2pqOBsJdDiogXGR9+OvwRw==",
      "dependencies": [
        "has-flag"
      ]
    },
    "supports-color@8.1.1": {
      "integrity": "sha512-MpUEN2OodtUzxvKQl72cUF7RQ5EiHsGvSsVG0ia9c5RbWGL2CI4C7EpPS8UTBIplnlzZiNuV56w+FuNxy3ty2Q==",
      "dependencies": [
        "has-flag"
      ]
    },
    "tagged-tag@1.0.0": {
      "integrity": "sha512-yEFYrVhod+hdNyx7g5Bnkkb0G6si8HJurOoOEgC8B/O0uXLHlaey/65KRv6cuWBNhBgHKAROVpc7QyYqE5gFng=="
    },
    "temp-dir@3.0.0": {
      "integrity": "sha512-nHc6S/bwIilKHNRgK/3jlhDoIHcp45YgyiwcAk46Tr0LfEqGBVpmiAyuiuxeVE44m3mXnEeVhaipLOEWmH+Njw=="
    },
    "tempy@3.1.0": {
      "integrity": "sha512-7jDLIdD2Zp0bDe5r3D2qtkd1QOCacylBuL7oa4udvN6v2pqr4+LcCr67C8DR1zkpaZ8XosF5m1yQSabKAW6f2g==",
      "dependencies": [
        "is-stream",
        "temp-dir",
        "type-fest@2.19.0",
        "unique-string"
      ]
    },
    "tinypool@2.0.0": {
      "integrity": "sha512-/RX9RzeH2xU5ADE7n2Ykvmi9ED3FBGPAjw9u3zucrNNaEBIO0HPSYgL0NT7+3p147ojeSdaVu08F6hjpv31HJg=="
    },
    "totalist@3.0.1": {
      "integrity": "sha512-sf4i37nQ2LBx4m3wB74y+ubopq6W/dIzXg0FDGjsYnZHVa1Da8FH853wlL2gtUhg+xJXjfk3kUZS3BRoQeoQBQ=="
    },
    "tree-kill@1.2.2": {
      "integrity": "sha512-L0Orpi8qGpRG//Nd+H90vFB+3iHnue1zSSGmNOOCh1GLJ7rUKVwV2HvijphGQS2UmhUZewS9VgvxYIdgr+fG1A==",
      "bin": true
    },
    "tslib@2.8.1": {
      "integrity": "sha512-oJFu94HQb+KVduSUQL7wnpmqnfmLsOA/nAh6b6EH0wCEoK0/mPeXU6c3wKDV83MkOuHPRHtSXKKU99IBazS/2w=="
    },
    "type-fest@1.4.0": {
      "integrity": "sha512-yGSza74xk0UG8k+pLh5oeoYirvIiWo5t0/o3zHHAO2tRDiZcxWP7fywNlXhqb6/r6sWvwi+RsyQMWhVLe4BVuA=="
    },
    "type-fest@2.19.0": {
      "integrity": "sha512-RAH822pAdBgcNMAfWnCBU3CFZcfZ/i1eZjwFU/dsLKumyuuP3niueg2UAukXYF0E2AAoc82ZSSf9J0WQBinzHA=="
    },
    "type-fest@5.4.0": {
      "integrity": "sha512-wfkA6r0tBpVfGiyO+zbf9e10QkRQSlK9F2UvyfnjoCmrvH2bjHyhPzhugSBOuq1dog3P0+FKckqe+Xf6WKVjwg==",
      "dependencies": [
        "tagged-tag"
      ]
    },
    "typescript@5.9.3": {
      "integrity": "sha512-jl1vZzPDinLr9eUt3J/t7V6FgNEw9QjvBPdysz9KfQDD41fQrC2Y4vKQdiaUpFT4bXlb1RHhLpp8wtm6M5TgSw==",
      "bin": true
    },
    "undici-types@7.16.0": {
      "integrity": "sha512-Zz+aZWSj8LE6zoxD+xrjh4VfkIG8Ya6LvYkZqtUQGJPZjYl53ypCaUwWqo7eI0x66KBGeRo+mlBEkMSeSZ38Nw=="
    },
    "unique-string@3.0.0": {
      "integrity": "sha512-VGXBUVwxKMBUznyffQweQABPRRW1vHZAbadFZud4pLFAqRGvv/96vafgjWFqzourzr8YonlQiPgH0YCJfawoGQ==",
      "dependencies": [
        "crypto-random-string"
      ]
    },
    "wrap-ansi@7.0.0": {
      "integrity": "sha512-YVGIj2kamLSTxw6NsZjoBxfSwsn0ycdesmc4p+Q21c5zPuZ1pl+NfxVdxPtdHvmNVOQ6XSYG4AUtyt/Fi7D16Q==",
      "dependencies": [
        "ansi-styles",
        "string-width",
        "strip-ansi"
      ]
    },
    "y18n@5.0.8": {
      "integrity": "sha512-0pfFzegeDWJHJIAmTLRP2DwHjdF5s7jo9tuztdQxAhINCdvS+3nGINqPd00AphqJR/0LhANUS6/+7SCb98YOfA=="
    },
    "yargs-parser@21.1.1": {
      "integrity": "sha512-tVpsJW7DdjecAiFpbIB1e3qxIQsE6NoPc5/eTdrbbIC4h0LVsWhnoa3g+m2HclBIujHzsxZ4VJVA+GUuc2/LBw=="
    },
    "yargs@17.7.2": {
      "integrity": "sha512-7dSzzRQ++CKnNI/krKnYRV7JKKPUXMEh61soaHKg9mrWEhzFWhFnxPxGl+69cD1Ou63C13NUPCnmIcrvqCuM6w==",
      "dependencies": [
        "cliui",
        "escalade",
        "get-caller-file",
        "require-directory",
        "string-width",
        "y18n",
        "yargs-parser"
      ]
    }
  },
  "workspace": {
    "dependencies": [
      "jsr:@bgub/eta@4.6.0",
      "jsr:@hono/hono@4.12.23",
      "jsr:@std/assert@1.0.19",
      "jsr:@std/expect@^1.0.19",
      "jsr:@std/fs@1.0.24",
      "jsr:@std/io@0.225.3",
      "jsr:@std/path@1.1.5",
      "jsr:@std/testing@^1.0.19",
      "jsr:@std/url@0.225.1",
      "npm:@tinyhttp/app@3.0.1",
      "npm:@tinyhttp/cors@2.0.1",
      "npm:@tinyhttp/logger@2.1.0",
      "npm:@types/node@25.0.8",
      "npm:chalk@5.6.2",
      "npm:chokidar@5.0.0",
      "npm:concurrently@9.2.1",
      "npm:dot-prop@10.1.0",
      "npm:get-port@7.1.0",
      "npm:husky@9.1.7",
      "npm:inflection@3.0.2",
      "npm:json5@2.2.3",
      "npm:lowdb@7.0.1",
      "npm:milliparsec@5.1.0",
      "npm:oxfmt@0.24.0",
      "npm:oxlint@1.39.0",
      "npm:sirv@3.0.2",
      "npm:sort-on@7.0.0",
      "npm:tempy@3.1.0",
      "npm:type-fest@5.4.0",
      "npm:typescript@5.9.3"
    ]
  }
}
